// !$*UTF8*$!
{
	archiveVersion = 1;
	classes = {
	};
	objectVersion = 46;
	objects = {

/* Begin PBXBuildFile section */
		8FEF17F71C22E9F200EF03F8 /* main.m in Sources */ = {isa = PBXBuildFile; fileRef = 8FEF17F61C22E9F200EF03F8 /* main.m */; };
		8FEF17FA1C22E9F200EF03F8 /* AppDelegate.m in Sources */ = {isa = PBXBuildFile; fileRef = 8FEF17F91C22E9F200EF03F8 /* AppDelegate.m */; };
		8FEF17FD1C22E9F200EF03F8 /* ViewController.m in Sources */ = {isa = PBXBuildFile; fileRef = 8FEF17FC1C22E9F200EF03F8 /* ViewController.m */; };
		8FEF18001C22E9F200EF03F8 /* Main.storyboard in Resources */ = {isa = PBXBuildFile; fileRef = 8FEF17FE1C22E9F200EF03F8 /* Main.storyboard */; };
		8FEF18031C22E9F200EF03F8 /* ActivityTracking.xcdatamodeld in Sources */ = {isa = PBXBuildFile; fileRef = 8FEF18011C22E9F200EF03F8 /* ActivityTracking.xcdatamodeld */; };
		8FEF18051C22E9F200EF03F8 /* Assets.xcassets in Resources */ = {isa = PBXBuildFile; fileRef = 8FEF18041C22E9F200EF03F8 /* Assets.xcassets */; };
		8FEF18081C22E9F200EF03F8 /* LaunchScreen.storyboard in Resources */ = {isa = PBXBuildFile; fileRef = 8FEF18061C22E9F200EF03F8 /* LaunchScreen.storyboard */; };
		8FEF18131C22E9F200EF03F8 /* ActivityTrackingTests.m in Sources */ = {isa = PBXBuildFile; fileRef = 8FEF18121C22E9F200EF03F8 /* ActivityTrackingTests.m */; };
		8FEF181E1C22E9F200EF03F8 /* ActivityTrackingUITests.m in Sources */ = {isa = PBXBuildFile; fileRef = 8FEF181D1C22E9F200EF03F8 /* ActivityTrackingUITests.m */; };
/* End PBXBuildFile section */

/* Begin PBXContainerItemProxy section */
		8FEF180F1C22E9F200EF03F8 /* PBXContainerItemProxy */ = {
			isa = PBXContainerItemProxy;
			containerPortal = 8FEF17EA1C22E9F200EF03F8 /* Project object */;
			proxyType = 1;
			remoteGlobalIDString = 8FEF17F11C22E9F200EF03F8;
			remoteInfo = ActivityTracking;
		};
		8FEF181A1C22E9F200EF03F8 /* PBXContainerItemProxy */ = {
			isa = PBXContainerItemProxy;
			containerPortal = 8FEF17EA1C22E9F200EF03F8 /* Project object */;
			proxyType = 1;
			remoteGlobalIDString = 8FEF17F11C22E9F200EF03F8;
			remoteInfo = ActivityTracking;
		};
/* End PBXContainerItemProxy section */

/* Begin PBXFileReference section */
		8FEF17F21C22E9F200EF03F8 /* ActivityTracking.app */ = {isa = PBXFileReference; explicitFileType = wrapper.application; includeInIndex = 0; path = ActivityTracking.app; sourceTree = BUILT_PRODUCTS_DIR; };
		8FEF17F61C22E9F200EF03F8 /* main.m */ = {isa = PBXFileReference; lastKnownFileType = sourcecode.c.objc; path = main.m; sourceTree = "<group>"; };
		8FEF17F81C22E9F200EF03F8 /* AppDelegate.h */ = {isa = PBXFileReference; lastKnownFileType = sourcecode.c.h; path = AppDelegate.h; sourceTree = "<group>"; };
		8FEF17F91C22E9F200EF03F8 /* AppDelegate.m */ = {isa = PBXFileReference; lastKnownFileType = sourcecode.c.objc; path = AppDelegate.m; sourceTree = "<group>"; };
		8FEF17FB1C22E9F200EF03F8 /* ViewController.h */ = {isa = PBXFileReference; lastKnownFileType = sourcecode.c.h; path = ViewController.h; sourceTree = "<group>"; };
		8FEF17FC1C22E9F200EF03F8 /* ViewController.m */ = {isa = PBXFileReference; lastKnownFileType = sourcecode.c.objc; path = ViewController.m; sourceTree = "<group>"; };
		8FEF17FF1C22E9F200EF03F8 /* Base */ = {isa = PBXFileReference; lastKnownFileType = file.storyboard; name = Base; path = Base.lproj/Main.storyboard; sourceTree = "<group>"; };
		8FEF18021C22E9F200EF03F8 /* ActivityTracking.xcdatamodel */ = {isa = PBXFileReference; lastKnownFileType = wrapper.xcdatamodel; path = ActivityTracking.xcdatamodel; sourceTree = "<group>"; };
		8FEF18041C22E9F200EF03F8 /* Assets.xcassets */ = {isa = PBXFileReference; lastKnownFileType = folder.assetcatalog; path = Assets.xcassets; sourceTree = "<group>"; };
		8FEF18071C22E9F200EF03F8 /* Base */ = {isa = PBXFileReference; lastKnownFileType = file.storyboard; name = Base; path = Base.lproj/LaunchScreen.storyboard; sourceTree = "<group>"; };
		8FEF18091C22E9F200EF03F8 /* Info.plist */ = {isa = PBXFileReference; lastKnownFileType = text.plist.xml; path = Info.plist; sourceTree = "<group>"; };
		8FEF180E1C22E9F200EF03F8 /* ActivityTrackingTests.xctest */ = {isa = PBXFileReference; explicitFileType = wrapper.cfbundle; includeInIndex = 0; path = ActivityTrackingTests.xctest; sourceTree = BUILT_PRODUCTS_DIR; };
		8FEF18121C22E9F200EF03F8 /* ActivityTrackingTests.m */ = {isa = PBXFileReference; lastKnownFileType = sourcecode.c.objc; path = ActivityTrackingTests.m; sourceTree = "<group>"; };
		8FEF18141C22E9F200EF03F8 /* Info.plist */ = {isa = PBXFileReference; lastKnownFileType = text.plist.xml; path = Info.plist; sourceTree = "<group>"; };
		8FEF18191C22E9F200EF03F8 /* ActivityTrackingUITests.xctest */ = {isa = PBXFileReference; explicitFileType = wrapper.cfbundle; includeInIndex = 0; path = ActivityTrackingUITests.xctest; sourceTree = BUILT_PRODUCTS_DIR; };
		8FEF181D1C22E9F200EF03F8 /* ActivityTrackingUITests.m */ = {isa = PBXFileReference; lastKnownFileType = sourcecode.c.objc; path = ActivityTrackingUITests.m; sourceTree = "<group>"; };
		8FEF181F1C22E9F200EF03F8 /* Info.plist */ = {isa = PBXFileReference; lastKnownFileType = text.plist.xml; path = Info.plist; sourceTree = "<group>"; };
/* End PBXFileReference section */

/* Begin PBXFrameworksBuildPhase section */
		8FEF17EF1C22E9F200EF03F8 /* Frameworks */ = {
			isa = PBXFrameworksBuildPhase;
			buildActionMask = 2147483647;
			files = (
			);
			runOnlyForDeploymentPostprocessing = 0;
		};
		8FEF180B1C22E9F200EF03F8 /* Frameworks */ = {
			isa = PBXFrameworksBuildPhase;
			buildActionMask = 2147483647;
			files = (
			);
			runOnlyForDeploymentPostprocessing = 0;
		};
		8FEF18161C22E9F200EF03F8 /* Frameworks */ = {
			isa = PBXFrameworksBuildPhase;
			buildActionMask = 2147483647;
			files = (
			);
			runOnlyForDeploymentPostprocessing = 0;
		};
/* End PBXFrameworksBuildPhase section */

/* Begin PBXGroup section */
		8FEF17E91C22E9F200EF03F8 = {
			isa = PBXGroup;
			children = (
				8FEF17F41C22E9F200EF03F8 /* ActivityTracking */,
				8FEF18111C22E9F200EF03F8 /* ActivityTrackingTests */,
				8FEF181C1C22E9F200EF03F8 /* ActivityTrackingUITests */,
				8FEF17F31C22E9F200EF03F8 /* Products */,
			);
			sourceTree = "<group>";
		};
		8FEF17F31C22E9F200EF03F8 /* Products */ = {
			isa = PBXGroup;
			children = (
				8FEF17F21C22E9F200EF03F8 /* ActivityTracking.app */,
				8FEF180E1C22E9F200EF03F8 /* ActivityTrackingTests.xctest */,
				8FEF18191C22E9F200EF03F8 /* ActivityTrackingUITests.xctest */,
			);
			name = Products;
			sourceTree = "<group>";
		};
		8FEF17F41C22E9F200EF03F8 /* ActivityTracking */ = {
			isa = PBXGroup;
			children = (
				8FEF17F81C22E9F200EF03F8 /* AppDelegate.h */,
				8FEF17F91C22E9F200EF03F8 /* AppDelegate.m */,
				8FEF17FB1C22E9F200EF03F8 /* ViewController.h */,
				8FEF17FC1C22E9F200EF03F8 /* ViewController.m */,
				8FEF17FE1C22E9F200EF03F8 /* Main.storyboard */,
				8FEF18041C22E9F200EF03F8 /* Assets.xcassets */,
				8FEF18061C22E9F200EF03F8 /* LaunchScreen.storyboard */,
				8FEF18091C22E9F200EF03F8 /* Info.plist */,
				8FEF18011C22E9F200EF03F8 /* ActivityTracking.xcdatamodeld */,
				8FEF17F51C22E9F200EF03F8 /* Supporting Files */,
			);
			path = ActivityTracking;
			sourceTree = "<group>";
		};
		8FEF17F51C22E9F200EF03F8 /* Supporting Files */ = {
			isa = PBXGroup;
			children = (
				8FEF17F61C22E9F200EF03F8 /* main.m */,
			);
			name = "Supporting Files";
			sourceTree = "<group>";
		};
		8FEF18111C22E9F200EF03F8 /* ActivityTrackingTests */ = {
			isa = PBXGroup;
			children = (
				8FEF18121C22E9F200EF03F8 /* ActivityTrackingTests.m */,
				8FEF18141C22E9F200EF03F8 /* Info.plist */,
			);
			path = ActivityTrackingTests;
			sourceTree = "<group>";
		};
		8FEF181C1C22E9F200EF03F8 /* ActivityTrackingUITests */ = {
			isa = PBXGroup;
			children = (
				8FEF181D1C22E9F200EF03F8 /* ActivityTrackingUITests.m */,
				8FEF181F1C22E9F200EF03F8 /* Info.plist */,
			);
			path = ActivityTrackingUITests;
			sourceTree = "<group>";
		};
/* End PBXGroup section */

/* Begin PBXNativeTarget section */
		8FEF17F11C22E9F200EF03F8 /* ActivityTracking */ = {
			isa = PBXNativeTarget;
			buildConfigurationList = 8FEF18221C22E9F200EF03F8 /* Build configuration list for PBXNativeTarget "ActivityTracking" */;
			buildPhases = (
				8FEF17EE1C22E9F200EF03F8 /* Sources */,
				8FEF17EF1C22E9F200EF03F8 /* Frameworks */,
				8FEF17F01C22E9F200EF03F8 /* Resources */,
			);
			buildRules = (
			);
			dependencies = (
			);
			name = ActivityTracking;
			productName = ActivityTracking;
			productReference = 8FEF17F21C22E9F200EF03F8 /* ActivityTracking.app */;
			productType = "com.apple.product-type.application";
		};
		8FEF180D1C22E9F200EF03F8 /* ActivityTrackingTests */ = {
			isa = PBXNativeTarget;
			buildConfigurationList = 8FEF18251C22E9F200EF03F8 /* Build configuration list for PBXNativeTarget "ActivityTrackingTests" */;
			buildPhases = (
				8FEF180A1C22E9F200EF03F8 /* Sources */,
				8FEF180B1C22E9F200EF03F8 /* Frameworks */,
				8FEF180C1C22E9F200EF03F8 /* Resources */,
			);
			buildRules = (
			);
			dependencies = (
				8FEF18101C22E9F200EF03F8 /* PBXTargetDependency */,
			);
			name = ActivityTrackingTests;
			productName = ActivityTrackingTests;
			productReference = 8FEF180E1C22E9F200EF03F8 /* ActivityTrackingTests.xctest */;
			productType = "com.apple.product-type.bundle.unit-test";
		};
		8FEF18181C22E9F200EF03F8 /* ActivityTrackingUITests */ = {
			isa = PBXNativeTarget;
			buildConfigurationList = 8FEF18281C22E9F200EF03F8 /* Build configuration list for PBXNativeTarget "ActivityTrackingUITests" */;
			buildPhases = (
				8FEF18151C22E9F200EF03F8 /* Sources */,
				8FEF18161C22E9F200EF03F8 /* Frameworks */,
				8FEF18171C22E9F200EF03F8 /* Resources */,
			);
			buildRules = (
			);
			dependencies = (
				8FEF181B1C22E9F200EF03F8 /* PBXTargetDependency */,
			);
			name = ActivityTrackingUITests;
			productName = ActivityTrackingUITests;
			productReference = 8FEF18191C22E9F200EF03F8 /* ActivityTrackingUITests.xctest */;
			productType = "com.apple.product-type.bundle.ui-testing";
		};
/* End PBXNativeTarget section */

/* Begin PBXProject section */
		8FEF17EA1C22E9F200EF03F8 /* Project object */ = {
			isa = PBXProject;
			attributes = {
				LastUpgradeCheck = 0710;
				ORGANIZATIONNAME = "Badie Modiri Arash";
				TargetAttributes = {
					8FEF17F11C22E9F200EF03F8 = {
						CreatedOnToolsVersion = 7.1.1;
					};
					8FEF180D1C22E9F200EF03F8 = {
						CreatedOnToolsVersion = 7.1.1;
						TestTargetID = 8FEF17F11C22E9F200EF03F8;
					};
					8FEF18181C22E9F200EF03F8 = {
						CreatedOnToolsVersion = 7.1.1;
						TestTargetID = 8FEF17F11C22E9F200EF03F8;
					};
				};
			};
			buildConfigurationList = 8FEF17ED1C22E9F200EF03F8 /* Build configuration list for PBXProject "ActivityTracking" */;
			compatibilityVersion = "Xcode 3.2";
			developmentRegion = English;
			hasScannedForEncodings = 0;
			knownRegions = (
				en,
				Base,
			);
			mainGroup = 8FEF17E91C22E9F200EF03F8;
			productRefGroup = 8FEF17F31C22E9F200EF03F8 /* Products */;
			projectDirPath = "";
			projectRoot = "";
			targets = (
				8FEF17F11C22E9F200EF03F8 /* ActivityTracking */,
				8FEF180D1C22E9F200EF03F8 /* ActivityTrackingTests */,
				8FEF18181C22E9F200EF03F8 /* ActivityTrackingUITests */,
			);
		};
/* End PBXProject section */

/* Begin PBXResourcesBuildPhase section */
		8FEF17F01C22E9F200EF03F8 /* Resources */ = {
			isa = PBXResourcesBuildPhase;
			buildActionMask = 2147483647;
			files = (
				8FEF18081C22E9F200EF03F8 /* LaunchScreen.storyboard in Resources */,
				8FEF18051C22E9F200EF03F8 /* Assets.xcassets in Resources */,
				8FEF18001C22E9F200EF03F8 /* Main.storyboard in Resources */,
			);
			runOnlyForDeploymentPostprocessing = 0;
		};
		8FEF180C1C22E9F200EF03F8 /* Resources */ = {
			isa = PBXResourcesBuildPhase;
			buildActionMask = 2147483647;
			files = (
			);
			runOnlyForDeploymentPostprocessing = 0;
		};
		8FEF18171C22E9F200EF03F8 /* Resources */ = {
			isa = PBXResourcesBuildPhase;
			buildActionMask = 2147483647;
			files = (
			);
			runOnlyForDeploymentPostprocessing = 0;
		};
/* End PBXResourcesBuildPhase section */

/* Begin PBXSourcesBuildPhase section */
		8FEF17EE1C22E9F200EF03F8 /* Sources */ = {
			isa = PBXSourcesBuildPhase;
			buildActionMask = 2147483647;
			files = (
				8FEF17FD1C22E9F200EF03F8 /* ViewController.m in Sources */,
				8FEF18031C22E9F200EF03F8 /* ActivityTracking.xcdatamodeld in Sources */,
				8FEF17FA1C22E9F200EF03F8 /* AppDelegate.m in Sources */,
				8FEF17F71C22E9F200EF03F8 /* main.m in Sources */,
			);
			runOnlyForDeploymentPostprocessing = 0;
		};
		8FEF180A1C22E9F200EF03F8 /* Sources */ = {
			isa = PBXSourcesBuildPhase;
			buildActionMask = 2147483647;
			files = (
				8FEF18131C22E9F200EF03F8 /* ActivityTrackingTests.m in Sources */,
			);
			runOnlyForDeploymentPostprocessing = 0;
		};
		8FEF18151C22E9F200EF03F8 /* Sources */ = {
			isa = PBXSourcesBuildPhase;
			buildActionMask = 2147483647;
			files = (
				8FEF181E1C22E9F200EF03F8 /* ActivityTrackingUITests.m in Sources */,
			);
			runOnlyForDeploymentPostprocessing = 0;
		};
/* End PBXSourcesBuildPhase section */

/* Begin PBXTargetDependency section */
		8FEF18101C22E9F200EF03F8 /* PBXTargetDependency */ = {
			isa = PBXTargetDependency;
			target = 8FEF17F11C22E9F200EF03F8 /* ActivityTracking */;
			targetProxy = 8FEF180F1C22E9F200EF03F8 /* PBXContainerItemProxy */;
		};
		8FEF181B1C22E9F200EF03F8 /* PBXTargetDependency */ = {
			isa = PBXTargetDependency;
			target = 8FEF17F11C22E9F200EF03F8 /* ActivityTracking */;
			targetProxy = 8FEF181A1C22E9F200EF03F8 /* PBXContainerItemProxy */;
		};
/* End PBXTargetDependency section */

/* Begin PBXVariantGroup section */
		8FEF17FE1C22E9F200EF03F8 /* Main.storyboard */ = {
			isa = PBXVariantGroup;
			children = (
				8FEF17FF1C22E9F200EF03F8 /* Base */,
			);
			name = Main.storyboard;
			sourceTree = "<group>";
		};
		8FEF18061C22E9F200EF03F8 /* LaunchScreen.storyboard */ = {
			isa = PBXVariantGroup;
			children = (
				8FEF18071C22E9F200EF03F8 /* Base */,
			);
			name = LaunchScreen.storyboard;
			sourceTree = "<group>";
		};
/* End PBXVariantGroup section */

/* Begin XCBuildConfiguration section */
		8FEF18201C22E9F200EF03F8 /* Debug */ = {
			isa = XCBuildConfiguration;
			buildSettings = {
				ALWAYS_SEARCH_USER_PATHS = NO;
				CLANG_CXX_LANGUAGE_STANDARD = "gnu++0x";
				CLANG_CXX_LIBRARY = "libc++";
				CLANG_ENABLE_MODULES = YES;
				CLANG_ENABLE_OBJC_ARC = YES;
				CLANG_WARN_BOOL_CONVERSION = YES;
				CLANG_WARN_CONSTANT_CONVERSION = YES;
				CLANG_WARN_DIRECT_OBJC_ISA_USAGE = YES_ERROR;
				CLANG_WARN_EMPTY_BODY = YES;
				CLANG_WARN_ENUM_CONVERSION = YES;
				CLANG_WARN_INT_CONVERSION = YES;
				CLANG_WARN_OBJC_ROOT_CLASS = YES_ERROR;
				CLANG_WARN_UNREACHABLE_CODE = YES;
				CLANG_WARN__DUPLICATE_METHOD_MATCH = YES;
				"CODE_SIGN_IDENTITY[sdk=iphoneos*]" = "iPhone Developer";
				COPY_PHASE_STRIP = NO;
				DEBUG_INFORMATION_FORMAT = dwarf;
				ENABLE_STRICT_OBJC_MSGSEND = YES;
				ENABLE_TESTABILITY = YES;
				GCC_C_LANGUAGE_STANDARD = gnu99;
				GCC_DYNAMIC_NO_PIC = NO;
				GCC_NO_COMMON_BLOCKS = YES;
				GCC_OPTIMIZATION_LEVEL = 0;
				GCC_PREPROCESSOR_DEFINITIONS = (
					"DEBUG=1",
					"$(inherited)",
				);
				GCC_WARN_64_TO_32_BIT_CONVERSION = YES;
				GCC_WARN_ABOUT_RETURN_TYPE = YES_ERROR;
				GCC_WARN_UNDECLARED_SELECTOR = YES;
				GCC_WARN_UNINITIALIZED_AUTOS = YES_AGGRESSIVE;
				GCC_WARN_UNUSED_FUNCTION = YES;
				GCC_WARN_UNUSED_VARIABLE = YES;
				IPHONEOS_DEPLOYMENT_TARGET = 9.1;
				MTL_ENABLE_DEBUG_INFO = YES;
				ONLY_ACTIVE_ARCH = YES;
				SDKROOT = iphoneos;
				TARGETED_DEVICE_FAMILY = "1,2";
			};
			name = Debug;
		};
		8FEF18211C22E9F200EF03F8 /* Release */ = {
			isa = XCBuildConfiguration;
			buildSettings = {
				ALWAYS_SEARCH_USER_PATHS = NO;
				CLANG_CXX_LANGUAGE_STANDARD = "gnu++0x";
				CLANG_CXX_LIBRARY = "libc++";
				CLANG_ENABLE_MODULES = YES;
				CLANG_ENABLE_OBJC_ARC = YES;
				CLANG_WARN_BOOL_CONVERSION = YES;
				CLANG_WARN_CONSTANT_CONVERSION = YES;
				CLANG_WARN_DIRECT_OBJC_ISA_USAGE = YES_ERROR;
				CLANG_WARN_EMPTY_BODY = YES;
				CLANG_WARN_ENUM_CONVERSION = YES;
				CLANG_WARN_INT_CONVERSION = YES;
				CLANG_WARN_OBJC_ROOT_CLASS = YES_ERROR;
				CLANG_WARN_UNREACHABLE_CODE = YES;
				CLANG_WARN__DUPLICATE_METHOD_MATCH = YES;
				"CODE_SIGN_IDENTITY[sdk=iphoneos*]" = "iPhone Developer";
				COPY_PHASE_STRIP = NO;
				DEBUG_INFORMATION_FORMAT = "dwarf-with-dsym";
				ENABLE_NS_ASSERTIONS = NO;
				ENABLE_STRICT_OBJC_MSGSEND = YES;
				GCC_C_LANGUAGE_STANDARD = gnu99;
				GCC_NO_COMMON_BLOCKS = YES;
				GCC_WARN_64_TO_32_BIT_CONVERSION = YES;
				GCC_WARN_ABOUT_RETURN_TYPE = YES_ERROR;
				GCC_WARN_UNDECLARED_SELECTOR = YES;
				GCC_WARN_UNINITIALIZED_AUTOS = YES_AGGRESSIVE;
				GCC_WARN_UNUSED_FUNCTION = YES;
				GCC_WARN_UNUSED_VARIABLE = YES;
				IPHONEOS_DEPLOYMENT_TARGET = 9.1;
				MTL_ENABLE_DEBUG_INFO = NO;
				SDKROOT = iphoneos;
				TARGETED_DEVICE_FAMILY = "1,2";
				VALIDATE_PRODUCT = YES;
			};
			name = Release;
		};
		8FEF18231C22E9F200EF03F8 /* Debug */ = {
			isa = XCBuildConfiguration;
			buildSettings = {
				ASSETCATALOG_COMPILER_APPICON_NAME = AppIcon;
				INFOPLIST_FILE = ActivityTracking/Info.plist;
				LD_RUNPATH_SEARCH_PATHS = "$(inherited) @executable_path/Frameworks";
				PRODUCT_BUNDLE_IDENTIFIER = fi.aalto.ActivityTracking;
				PRODUCT_NAME = "$(TARGET_NAME)";
			};
			name = Debug;
		};
		8FEF18241C22E9F200EF03F8 /* Release */ = {
			isa = XCBuildConfiguration;
			buildSettings = {
				ASSETCATALOG_COMPILER_APPICON_NAME = AppIcon;
				INFOPLIST_FILE = ActivityTracking/Info.plist;
				LD_RUNPATH_SEARCH_PATHS = "$(inherited) @executable_path/Frameworks";
				PRODUCT_BUNDLE_IDENTIFIER = fi.aalto.ActivityTracking;
				PRODUCT_NAME = "$(TARGET_NAME)";
			};
			name = Release;
		};
		8FEF18261C22E9F200EF03F8 /* Debug */ = {
			isa = XCBuildConfiguration;
			buildSettings = {
				BUNDLE_LOADER = "$(TEST_HOST)";
				INFOPLIST_FILE = ActivityTrackingTests/Info.plist;
				LD_RUNPATH_SEARCH_PATHS = "$(inherited) @executable_path/Frameworks @loader_path/Frameworks";
				PRODUCT_BUNDLE_IDENTIFIER = fi.aalto.ActivityTrackingTests;
				PRODUCT_NAME = "$(TARGET_NAME)";
				TEST_HOST = "$(BUILT_PRODUCTS_DIR)/ActivityTracking.app/ActivityTracking";
			};
			name = Debug;
		};
		8FEF18271C22E9F200EF03F8 /* Release */ = {
			isa = XCBuildConfiguration;
			buildSettings = {
				BUNDLE_LOADER = "$(TEST_HOST)";
				INFOPLIST_FILE = ActivityTrackingTests/Info.plist;
				LD_RUNPATH_SEARCH_PATHS = "$(inherited) @executable_path/Frameworks @loader_path/Frameworks";
				PRODUCT_BUNDLE_IDENTIFIER = fi.aalto.ActivityTrackingTests;
				PRODUCT_NAME = "$(TARGET_NAME)";
				TEST_HOST = "$(BUILT_PRODUCTS_DIR)/ActivityTracking.app/ActivityTracking";
			};
			name = Release;
		};
		8FEF18291C22E9F200EF03F8 /* Debug */ = {
			isa = XCBuildConfiguration;
			buildSettings = {
				INFOPLIST_FILE = ActivityTrackingUITests/Info.plist;
				LD_RUNPATH_SEARCH_PATHS = "$(inherited) @executable_path/Frameworks @loader_path/Frameworks";
				PRODUCT_BUNDLE_IDENTIFIER = fi.aalto.ActivityTrackingUITests;
				PRODUCT_NAME = "$(TARGET_NAME)";
				TEST_TARGET_NAME = ActivityTracking;
				USES_XCTRUNNER = YES;
			};
			name = Debug;
		};
		8FEF182A1C22E9F200EF03F8 /* Release */ = {
			isa = XCBuildConfiguration;
			buildSettings = {
				INFOPLIST_FILE = ActivityTrackingUITests/Info.plist;
				LD_RUNPATH_SEARCH_PATHS = "$(inherited) @executable_path/Frameworks @loader_path/Frameworks";
				PRODUCT_BUNDLE_IDENTIFIER = fi.aalto.ActivityTrackingUITests;
				PRODUCT_NAME = "$(TARGET_NAME)";
				TEST_TARGET_NAME = ActivityTracking;
				USES_XCTRUNNER = YES;
			};
			name = Release;
		};
/* End XCBuildConfiguration section */

/* Begin XCConfigurationList section */
		8FEF17ED1C22E9F200EF03F8 /* Build configuration list for PBXProject "ActivityTracking" */ = {
			isa = XCConfigurationList;
			buildConfigurations = (
				8FEF18201C22E9F200EF03F8 /* Debug */,
				8FEF18211C22E9F200EF03F8 /* Release */,
			);
			defaultConfigurationIsVisible = 0;
			defaultConfigurationName = Release;
		};
		8FEF18221C22E9F200EF03F8 /* Build configuration list for PBXNativeTarget "ActivityTracking" */ = {
			isa = XCConfigurationList;
			buildConfigurations = (
				8FEF18231C22E9F200EF03F8 /* Debug */,
				8FEF18241C22E9F200EF03F8 /* Release */,
			);
			defaultConfigurationIsVisible = 0;
		};
		8FEF18251C22E9F200EF03F8 /* Build configuration list for PBXNativeTarget "ActivityTrackingTests" */ = {
			isa = XCConfigurationList;
			buildConfigurations = (
				8FEF18261C22E9F200EF03F8 /* Debug */,
				8FEF18271C22E9F200EF03F8 /* Release */,
			);
			defaultConfigurationIsVisible = 0;
		};
		8FEF18281C22E9F200EF03F8 /* Build configuration list for PBXNativeTarget "ActivityTrackingUITests" */ = {
			isa = XCConfigurationList;
			buildConfigurations = (
				8FEF18291C22E9F200EF03F8 /* Debug */,
				8FEF182A1C22E9F200EF03F8 /* Release */,
			);
			defaultConfigurationIsVisible = 0;
		};
/* End XCConfigurationList section */

/* Begin XCVersionGroup section */
		8FEF18011C22E9F200EF03F8 /* ActivityTracking.xcdatamodeld */ = {
			isa = XCVersionGroup;
			children = (
				8FEF18021C22E9F200EF03F8 /* ActivityTracking.xcdatamodel */,
			);
			currentVersion = 8FEF18021C22E9F200EF03F8 /* ActivityTracking.xcdatamodel */;
			path = ActivityTracking.xcdatamodeld;
			sourceTree = "<group>";
			versionGroupType = wrapper.xcdatamodel;
		};
/* End XCVersionGroup section */
	};
	rootObject = 8FEF17EA1C22E9F200EF03F8 /* Project object */;
}
